# Windows x64 / Python 3.13.16. Exact wheel hashes from PyPI release metadata.
PySide6==6.12.0 \
    --hash=sha256:31a8d2893f2f28ab483b1534dde0438f27af6e234593de30425cb4729052d8f8
PySide6_Addons==6.12.0 \
    --hash=sha256:98d8d62010da6605344cee83e5c96fb846170a1f2d924523f10f5d92078b02b0
PySide6_Essentials==6.12.0 \
    --hash=sha256:c9a95102aa23c1f86516a30d5a9be37552d324eee7e567eb7508973f1218cb42
shiboken6==6.12.0 \
    --hash=sha256:a1906cb8116869178c64b6bab52623bbc8b4ceed7b30bfc3c9aa0f6e67f6438e
tzdata==2026.5 \
    --hash=sha256:b683bd1b6659ddcd810ff02ad09ba821d4bf1065072805063eb35c49617905ac
pyinstaller==6.22.3 \
    --hash=sha256:500bd58c7bf7e584a8435adccbd763a0b918d5c12b08d74ff50fd79b2915458b
pyinstaller-hooks-contrib==2026.8 \
    --hash=sha256:6d21d65323ea4467753afc21f52d7d0e69416ae8101dd88269bf273ad48db084
packaging==26.3 \
    --hash=sha256:d7193f7c8e4e93f444fde0262bf90af30e16fa0ad0ad44cb553c87339b23cd1c
setuptools==84.0.0 \
    --hash=sha256:51a52592b3b99e102b609654876bd65f19f999935166d1352678931132b0c670
altgraph==0.17.5 \
    --hash=sha256:f3a22400bce1b0c701683820ac4f3b159cd301acab067c51c653e06961600597
pefile==2024.8.26 \
    --hash=sha256:76f8b485dcd3b1bb8166f1128d395fa3d87af26360c2358fb75b80019b957c6f
pywin32-ctypes==0.2.3 \
    --hash=sha256:8a1513379d709975552d202d942d9837758905c8d01eb82b8bcc30918929e7b8
PySide6_Pdf==6.12.0.140 \
    --hash=sha256:4971ba1a0ca15e7c29cfd808e9600aeb46b2305dad01456eb09fa3197166268e
PySide6_WebEngine==6.12.0.140 \
    --hash=sha256:f9b61b1d457a591ee590a6b80515f25a3e61e2576a2a0a70566380f9d9de4ab0
